
Microsoft Visual Studio Solution File, Format Version 12.00
# Visual Studio Version 16
VisualStudioVersion = 16.0.29613.14
MinimumVisualStudioVersion = 10.0.40219.1
Project("{FAE04EC0-301F-11D3-BF4B-00C04F79EFBC}") = "EarthLiveUWP", "EarthLiveUWP\EarthLiveUWP.csproj", "{AABD4B72-D36B-4769-8F9A-AEBF16565949}"
EndProject
Project("{FAE04EC0-301F-11D3-BF4B-00C04F79EFBC}") = "Tasks", "Tasks\Tasks.csproj", "{5D60CAE9-6CF9-4798-B42E-8801EBA5A022}"
EndProject
Project("{FAE04EC0-301F-11D3-BF4B-00C04F79EFBC}") = "DownloadServices", "DownloadServices\DownloadServices.csproj", "{61B77A4E-9FCE-44E6-89F8-7608210A4175}"
EndProject
Project("{FAE04EC0-301F-11D3-BF4B-00C04F79EFBC}") = "Tools", "Tools\Tools.csproj", "{D6BC9DF1-41AF-42C9-A4A9-1B9FFA9AD82F}"
EndProject
Project("{FAE04EC0-301F-11D3-BF4B-00C04F79EFBC}") = "EarthLiveTest", "EarthLiveTest\EarthLiveTest.csproj", "{4B742AD3-AA2E-4B1C-A33F-986DAA74F993}"
EndProject
Global
	GlobalSection(SolutionConfigurationPlatforms) = preSolution
		Debug|Any CPU = Debug|Any CPU
		Debug|ARM = Debug|ARM
		Debug|ARM64 = Debug|ARM64
		Debug|x64 = Debug|x64
		Debug|x86 = Debug|x86
		Release|Any CPU = Release|Any CPU
		Release|ARM = Release|ARM
		Release|ARM64 = Release|ARM64
		Release|x64 = Release|x64
		Release|x86 = Release|x86
	EndGlobalSection
	GlobalSection(ProjectConfigurationPlatforms) = postSolution
		{AABD4B72-D36B-4769-8F9A-AEBF16565949}.Debug|Any CPU.ActiveCfg = Debug|x86
		{AABD4B72-D36B-4769-8F9A-AEBF16565949}.Debug|Any CPU.Build.0 = Debug|x86
		{AABD4B72-D36B-4769-8F9A-AEBF16565949}.Debug|Any CPU.Deploy.0 = Debug|x86
		{AABD4B72-D36B-4769-8F9A-AEBF16565949}.Debug|ARM.ActiveCfg = Debug|ARM
		{AABD4B72-D36B-4769-8F9A-AEBF16565949}.Debug|ARM.Build.0 = Debug|ARM
		{AABD4B72-D36B-4769-8F9A-AEBF16565949}.Debug|ARM.Deploy.0 = Debug|ARM
		{AABD4B72-D36B-4769-8F9A-AEBF16565949}.Debug|ARM64.ActiveCfg = Debug|ARM64
		{AABD4B72-D36B-4769-8F9A-AEBF16565949}.Debug|ARM64.Build.0 = Debug|ARM64
		{AABD4B72-D36B-4769-8F9A-AEBF16565949}.Debug|ARM64.Deploy.0 = Debug|ARM64
		{AABD4B72-D36B-4769-8F9A-AEBF16565949}.Debug|x64.ActiveCfg = Debug|x64
		{AABD4B72-D36B-4769-8F9A-AEBF16565949}.Debug|x64.Build.0 = Debug|x64
		{AABD4B72-D36B-4769-8F9A-AEBF16565949}.Debug|x64.Deploy.0 = Debug|x64
		{AABD4B72-D36B-4769-8F9A-AEBF16565949}.Debug|x86.ActiveCfg = Debug|x86
		{AABD4B72-D36B-4769-8F9A-AEBF16565949}.Debug|x86.Build.0 = Debug|x86
		{AABD4B72-D36B-4769-8F9A-AEBF16565949}.Debug|x86.Deploy.0 = Debug|x86
		{AABD4B72-D36B-4769-8F9A-AEBF16565949}.Release|Any CPU.ActiveCfg = Release|x86
		{AABD4B72-D36B-4769-8F9A-AEBF16565949}.Release|ARM.ActiveCfg = Release|ARM
		{AABD4B72-D36B-4769-8F9A-AEBF16565949}.Release|ARM.Build.0 = Release|ARM
		{AABD4B72-D36B-4769-8F9A-AEBF16565949}.Release|ARM.Deploy.0 = Release|ARM
		{AABD4B72-D36B-4769-8F9A-AEBF16565949}.Release|ARM64.ActiveCfg = Release|ARM64
		{AABD4B72-D36B-4769-8F9A-AEBF16565949}.Release|ARM64.Build.0 = Release|ARM64
		{AABD4B72-D36B-4769-8F9A-AEBF16565949}.Release|ARM64.Deploy.0 = Release|ARM64
		{AABD4B72-D36B-4769-8F9A-AEBF16565949}.Release|x64.ActiveCfg = Release|x64
		{AABD4B72-D36B-4769-8F9A-AEBF16565949}.Release|x64.Build.0 = Release|x64
		{AABD4B72-D36B-4769-8F9A-AEBF16565949}.Release|x64.Deploy.0 = Release|x64
		{AABD4B72-D36B-4769-8F9A-AEBF16565949}.Release|x86.ActiveCfg = Release|x86
		{AABD4B72-D36B-4769-8F9A-AEBF16565949}.Release|x86.Build.0 = Release|x86
		{AABD4B72-D36B-4769-8F9A-AEBF16565949}.Release|x86.Deploy.0 = Release|x86
		{5D60CAE9-6CF9-4798-B42E-8801EBA5A022}.Debug|Any CPU.ActiveCfg = Debug|Any CPU
		{5D60CAE9-6CF9-4798-B42E-8801EBA5A022}.Debug|Any CPU.Build.0 = Debug|Any CPU
		{5D60CAE9-6CF9-4798-B42E-8801EBA5A022}.Debug|ARM.ActiveCfg = Debug|ARM
		{5D60CAE9-6CF9-4798-B42E-8801EBA5A022}.Debug|ARM.Build.0 = Debug|ARM
		{5D60CAE9-6CF9-4798-B42E-8801EBA5A022}.Debug|ARM64.ActiveCfg = Debug|ARM64
		{5D60CAE9-6CF9-4798-B42E-8801EBA5A022}.Debug|ARM64.Build.0 = Debug|ARM64
		{5D60CAE9-6CF9-4798-B42E-8801EBA5A022}.Debug|x64.ActiveCfg = Debug|x64
		{5D60CAE9-6CF9-4798-B42E-8801EBA5A022}.Debug|x64.Build.0 = Debug|x64
		{5D60CAE9-6CF9-4798-B42E-8801EBA5A022}.Debug|x86.ActiveCfg = Debug|x86
		{5D60CAE9-6CF9-4798-B42E-8801EBA5A022}.Debug|x86.Build.0 = Debug|x86
		{5D60CAE9-6CF9-4798-B42E-8801EBA5A022}.Release|Any CPU.ActiveCfg = Release|Any CPU
		{5D60CAE9-6CF9-4798-B42E-8801EBA5A022}.Release|Any CPU.Build.0 = Release|Any CPU
		{5D60CAE9-6CF9-4798-B42E-8801EBA5A022}.Release|ARM.ActiveCfg = Release|ARM
		{5D60CAE9-6CF9-4798-B42E-8801EBA5A022}.Release|ARM.Build.0 = Release|ARM
		{5D60CAE9-6CF9-4798-B42E-8801EBA5A022}.Release|ARM64.ActiveCfg = Release|ARM64
		{5D60CAE9-6CF9-4798-B42E-8801EBA5A022}.Release|ARM64.Build.0 = Release|ARM64
		{5D60CAE9-6CF9-4798-B42E-8801EBA5A022}.Release|x64.ActiveCfg = Release|x64
		{5D60CAE9-6CF9-4798-B42E-8801EBA5A022}.Release|x64.Build.0 = Release|x64
		{5D60CAE9-6CF9-4798-B42E-8801EBA5A022}.Release|x86.ActiveCfg = Release|x86
		{5D60CAE9-6CF9-4798-B42E-8801EBA5A022}.Release|x86.Build.0 = Release|x86
		{61B77A4E-9FCE-44E6-89F8-7608210A4175}.Debug|Any CPU.ActiveCfg = Debug|Any CPU
		{61B77A4E-9FCE-44E6-89F8-7608210A4175}.Debug|Any CPU.Build.0 = Debug|Any CPU
		{61B77A4E-9FCE-44E6-89F8-7608210A4175}.Debug|ARM.ActiveCfg = Debug|ARM
		{61B77A4E-9FCE-44E6-89F8-7608210A4175}.Debug|ARM.Build.0 = Debug|ARM
		{61B77A4E-9FCE-44E6-89F8-7608210A4175}.Debug|ARM64.ActiveCfg = Debug|ARM64
		{61B77A4E-9FCE-44E6-89F8-7608210A4175}.Debug|ARM64.Build.0 = Debug|ARM64
		{61B77A4E-9FCE-44E6-89F8-7608210A4175}.Debug|x64.ActiveCfg = Debug|x64
		{61B77A4E-9FCE-44E6-89F8-7608210A4175}.Debug|x64.Build.0 = Debug|x64
		{61B77A4E-9FCE-44E6-89F8-7608210A4175}.Debug|x86.ActiveCfg = Debug|x86
		{61B77A4E-9FCE-44E6-89F8-7608210A4175}.Debug|x86.Build.0 = Debug|x86
		{61B77A4E-9FCE-44E6-89F8-7608210A4175}.Release|Any CPU.ActiveCfg = Release|Any CPU
		{61B77A4E-9FCE-44E6-89F8-7608210A4175}.Release|Any CPU.Build.0 = Release|Any CPU
		{61B77A4E-9FCE-44E6-89F8-7608210A4175}.Release|ARM.ActiveCfg = Release|ARM
		{61B77A4E-9FCE-44E6-89F8-7608210A4175}.Release|ARM.Build.0 = Release|ARM
		{61B77A4E-9FCE-44E6-89F8-7608210A4175}.Release|ARM64.ActiveCfg = Release|ARM64
		{61B77A4E-9FCE-44E6-89F8-7608210A4175}.Release|ARM64.Build.0 = Release|ARM64
		{61B77A4E-9FCE-44E6-89F8-7608210A4175}.Release|x64.ActiveCfg = Release|x64
		{61B77A4E-9FCE-44E6-89F8-7608210A4175}.Release|x64.Build.0 = Release|x64
		{61B77A4E-9FCE-44E6-89F8-7608210A4175}.Release|x86.ActiveCfg = Release|x86
		{61B77A4E-9FCE-44E6-89F8-7608210A4175}.Release|x86.Build.0 = Release|x86
		{D6BC9DF1-41AF-42C9-A4A9-1B9FFA9AD82F}.Debug|Any CPU.ActiveCfg = Debug|Any CPU
		{D6BC9DF1-41AF-42C9-A4A9-1B9FFA9AD82F}.Debug|Any CPU.Build.0 = Debug|Any CPU
		{D6BC9DF1-41AF-42C9-A4A9-1B9FFA9AD82F}.Debug|ARM.ActiveCfg = Debug|ARM
		{D6BC9DF1-41AF-42C9-A4A9-1B9FFA9AD82F}.Debug|ARM.Build.0 = Debug|ARM
		{D6BC9DF1-41AF-42C9-A4A9-1B9FFA9AD82F}.Debug|ARM64.ActiveCfg = Debug|ARM64
		{D6BC9DF1-41AF-42C9-A4A9-1B9FFA9AD82F}.Debug|ARM64.Build.0 = Debug|ARM64
		{D6BC9DF1-41AF-42C9-A4A9-1B9FFA9AD82F}.Debug|x64.ActiveCfg = Debug|x64
		{D6BC9DF1-41AF-42C9-A4A9-1B9FFA9AD82F}.Debug|x64.Build.0 = Debug|x64
		{D6BC9DF1-41AF-42C9-A4A9-1B9FFA9AD82F}.Debug|x86.ActiveCfg = Debug|x86
		{D6BC9DF1-41AF-42C9-A4A9-1B9FFA9AD82F}.Debug|x86.Build.0 = Debug|x86
		{D6BC9DF1-41AF-42C9-A4A9-1B9FFA9AD82F}.Release|Any CPU.ActiveCfg = Release|Any CPU
		{D6BC9DF1-41AF-42C9-A4A9-1B9FFA9AD82F}.Release|Any CPU.Build.0 = Release|Any CPU
		{D6BC9DF1-41AF-42C9-A4A9-1B9FFA9AD82F}.Release|ARM.ActiveCfg = Release|ARM
		{D6BC9DF1-41AF-42C9-A4A9-1B9FFA9AD82F}.Release|ARM.Build.0 = Release|ARM
		{D6BC9DF1-41AF-42C9-A4A9-1B9FFA9AD82F}.Release|ARM64.ActiveCfg = Release|ARM64
		{D6BC9DF1-41AF-42C9-A4A9-1B9FFA9AD82F}.Release|ARM64.Build.0 = Release|ARM64
		{D6BC9DF1-41AF-42C9-A4A9-1B9FFA9AD82F}.Release|x64.ActiveCfg = Release|x64
		{D6BC9DF1-41AF-42C9-A4A9-1B9FFA9AD82F}.Release|x64.Build.0 = Release|x64
		{D6BC9DF1-41AF-42C9-A4A9-1B9FFA9AD82F}.Release|x86.ActiveCfg = Release|x86
		{D6BC9DF1-41AF-42C9-A4A9-1B9FFA9AD82F}.Release|x86.Build.0 = Release|x86
		{4B742AD3-AA2E-4B1C-A33F-986DAA74F993}.Debug|Any CPU.ActiveCfg = Debug|x86
		{4B742AD3-AA2E-4B1C-A33F-986DAA74F993}.Debug|ARM.ActiveCfg = Debug|ARM
		{4B742AD3-AA2E-4B1C-A33F-986DAA74F993}.Debug|ARM.Build.0 = Debug|ARM
		{4B742AD3-AA2E-4B1C-A33F-986DAA74F993}.Debug|ARM.Deploy.0 = Debug|ARM
		{4B742AD3-AA2E-4B1C-A33F-986DAA74F993}.Debug|ARM64.ActiveCfg = Debug|ARM64
		{4B742AD3-AA2E-4B1C-A33F-986DAA74F993}.Debug|ARM64.Build.0 = Debug|ARM64
		{4B742AD3-AA2E-4B1C-A33F-986DAA74F993}.Debug|ARM64.Deploy.0 = Debug|ARM64
		{4B742AD3-AA2E-4B1C-A33F-986DAA74F993}.Debug|x64.ActiveCfg = Debug|x64
		{4B742AD3-AA2E-4B1C-A33F-986DAA74F993}.Debug|x64.Build.0 = Debug|x64
		{4B742AD3-AA2E-4B1C-A33F-986DAA74F993}.Debug|x64.Deploy.0 = Debug|x64
		{4B742AD3-AA2E-4B1C-A33F-986DAA74F993}.Debug|x86.ActiveCfg = Debug|x86
		{4B742AD3-AA2E-4B1C-A33F-986DAA74F993}.Debug|x86.Build.0 = Debug|x86
		{4B742AD3-AA2E-4B1C-A33F-986DAA74F993}.Debug|x86.Deploy.0 = Debug|x86
		{4B742AD3-AA2E-4B1C-A33F-986DAA74F993}.Release|Any CPU.ActiveCfg = Release|x86
		{4B742AD3-AA2E-4B1C-A33F-986DAA74F993}.Release|ARM.ActiveCfg = Release|ARM
		{4B742AD3-AA2E-4B1C-A33F-986DAA74F993}.Release|ARM.Build.0 = Release|ARM
		{4B742AD3-AA2E-4B1C-A33F-986DAA74F993}.Release|ARM.Deploy.0 = Release|ARM
		{4B742AD3-AA2E-4B1C-A33F-986DAA74F993}.Release|ARM64.ActiveCfg = Release|ARM64
		{4B742AD3-AA2E-4B1C-A33F-986DAA74F993}.Release|ARM64.Build.0 = Release|ARM64
		{4B742AD3-AA2E-4B1C-A33F-986DAA74F993}.Release|ARM64.Deploy.0 = Release|ARM64
		{4B742AD3-AA2E-4B1C-A33F-986DAA74F993}.Release|x64.ActiveCfg = Release|x64
		{4B742AD3-AA2E-4B1C-A33F-986DAA74F993}.Release|x64.Build.0 = Release|x64
		{4B742AD3-AA2E-4B1C-A33F-986DAA74F993}.Release|x64.Deploy.0 = Release|x64
		{4B742AD3-AA2E-4B1C-A33F-986DAA74F993}.Release|x86.ActiveCfg = Release|x86
		{4B742AD3-AA2E-4B1C-A33F-986DAA74F993}.Release|x86.Build.0 = Release|x86
		{4B742AD3-AA2E-4B1C-A33F-986DAA74F993}.Release|x86.Deploy.0 = Release|x86
	EndGlobalSection
	GlobalSection(SolutionProperties) = preSolution
		HideSolutionNode = FALSE
	EndGlobalSection
	GlobalSection(ExtensibilityGlobals) = postSolution
		SolutionGuid = {518E123D-2738-44DB-9421-65A833FEBBB6}
	EndGlobalSection
EndGlobal
